
Microsoft Visual Studio Solution File, Format Version 12.00
# Visual Studio Version 17
VisualStudioVersion = 17.7.34031.279
MinimumVisualStudioVersion = 10.0.40219.1
Project("{FAE04EC0-301F-11D3-BF4B-00C04F79EFBC}") = "SemesterWork", "SemesterWork.csproj", "{52E40E84-9F2C-43CA-9DF8-8DB27784EBA3}"
EndProject
Global
	GlobalSection(SolutionConfigurationPlatforms) = preSolution
		Debug|Any CPU = Debug|Any CPU
		Release|Any CPU = Release|Any CPU
	EndGlobalSection
	GlobalSection(ProjectConfigurationPlatforms) = postSolution
		{52E40E84-9F2C-43CA-9DF8-8DB27784EBA3}.Debug|Any CPU.ActiveCfg = Debug|Any CPU
		{52E40E84-9F2C-43CA-9DF8-8DB27784EBA3}.Debug|Any CPU.Build.0 = Debug|Any CPU
		{52E40E84-9F2C-43CA-9DF8-8DB27784EBA3}.Release|Any CPU.ActiveCfg = Release|Any CPU
		{52E40E84-9F2C-43CA-9DF8-8DB27784EBA3}.Release|Any CPU.Build.0 = Release|Any CPU
	EndGlobalSection
	GlobalSection(SolutionProperties) = preSolution
		HideSolutionNode = FALSE
	EndGlobalSection
	GlobalSection(ExtensibilityGlobals) = postSolution
		SolutionGuid = {5D873C7E-7322-4786-99C3-5A05F2F34D9A}
	EndGlobalSection
EndGlobal
